
Microsoft Visual Studio Solution File, Format Version 12.00
# Visual Studio Version 17
VisualStudioVersion = 17.4.33103.184
MinimumVisualStudioVersion = 10.0.40219.1
Project("{FAE04EC0-301F-11D3-BF4B-00C04F79EFBC}") = "BotTelegramConnect", "BotTelegramConnect\BotTelegramConnect.csproj", "{DD757C49-B7F4-4665-94C9-75B518F9B8A1}"
EndProject
Global
	GlobalSection(SolutionConfigurationPlatforms) = preSolution
		Debug|Any CPU = Debug|Any CPU
		Release|Any CPU = Release|Any CPU
	EndGlobalSection
	GlobalSection(ProjectConfigurationPlatforms) = postSolution
		{DD757C49-B7F4-4665-94C9-75B518F9B8A1}.Debug|Any CPU.ActiveCfg = Debug|Any CPU
		{DD757C49-B7F4-4665-94C9-75B518F9B8A1}.Debug|Any CPU.Build.0 = Debug|Any CPU
		{DD757C49-B7F4-4665-94C9-75B518F9B8A1}.Release|Any CPU.ActiveCfg = Release|Any CPU
		{DD757C49-B7F4-4665-94C9-75B518F9B8A1}.Release|Any CPU.Build.0 = Release|Any CPU
	EndGlobalSection
	GlobalSection(SolutionProperties) = preSolution
		HideSolutionNode = FALSE
	EndGlobalSection
	GlobalSection(ExtensibilityGlobals) = postSolution
		SolutionGuid = {53B4DA37-63FF-4C28-9CDC-3427146D5B75}
	EndGlobalSection
EndGlobal
